
Microsoft Visual Studio Solution File, Format Version 12.00
# Visual Studio Version 17
VisualStudioVersion = 17.3.32929.385
MinimumVisualStudioVersion = 10.0.40219.1
Project("{FAE04EC0-301F-11D3-BF4B-00C04F79EFBC}") = "ITPBookWeb", "ITPBookWeb\ITPBookWeb.csproj", "{877F8444-3449-4122-94C6-E303D90F1794}"
EndProject
Global
	GlobalSection(SolutionConfigurationPlatforms) = preSolution
		Debug|Any CPU = Debug|Any CPU
		Release|Any CPU = Release|Any CPU
	EndGlobalSection
	GlobalSection(ProjectConfigurationPlatforms) = postSolution
		{877F8444-3449-4122-94C6-E303D90F1794}.Debug|Any CPU.ActiveCfg = Debug|Any CPU
		{877F8444-3449-4122-94C6-E303D90F1794}.Debug|Any CPU.Build.0 = Debug|Any CPU
		{877F8444-3449-4122-94C6-E303D90F1794}.Release|Any CPU.ActiveCfg = Release|Any CPU
		{877F8444-3449-4122-94C6-E303D90F1794}.Release|Any CPU.Build.0 = Release|Any CPU
	EndGlobalSection
	GlobalSection(SolutionProperties) = preSolution
		HideSolutionNode = FALSE
	EndGlobalSection
	GlobalSection(ExtensibilityGlobals) = postSolution
		SolutionGuid = {F3C627B8-AC51-4900-9FE2-2747986F4F35}
	EndGlobalSection
EndGlobal
